{
  "name": "native-perf",
  "lockfileVersion": 2,
  "requires": true,
  "packages": {
    "": {
      "dependencies": {
        "typescript": "^4.8.0-dev.20220701"
      }
    },
    "node_modules/typescript": {
      "version": "4.8.0-dev.20220701",
      "resolved": "https://registry.npmjs.org/typescript/-/typescript-4.8.0-dev.20220701.tgz",
      "integrity": "sha512-nPs71QQeYHtxH98HFGRSLsWE8XHUFfghDUv8boDUVUmtv7hEtjqZrYsFci4sDV0kiP16AmdTub2tFcpzGK0GiQ==",
      "bin": {
        "tsc": "bin/tsc",
        "tsserver": "bin/tsserver"
      },
      "engines": {
        "node": ">=4.2.0"
      }
    }
  },
  "dependencies": {
    "typescript": {
      "version": "4.8.0-dev.20220701",
      "resolved": "https://registry.npmjs.org/typescript/-/typescript-4.8.0-dev.20220701.tgz",
      "integrity": "sha512-nPs71QQeYHtxH98HFGRSLsWE8XHUFfghDUv8boDUVUmtv7hEtjqZrYsFci4sDV0kiP16AmdTub2tFcpzGK0GiQ=="
    }
  }
}
